
Microsoft Visual Studio Solution File, Format Version 12.00
# Visual Studio Version 17
VisualStudioVersion = 17.5.33516.290
MinimumVisualStudioVersion = 10.0.40219.1
Project("{888888A0-9F3D-457C-B088-3A5042F75D52}") = "CVapp", "CVapp\CVapp.pyproj", "{C2B5D14E-574A-42AF-9264-79872035EF29}"
EndProject
Global
	GlobalSection(SolutionConfigurationPlatforms) = preSolution
		Debug|Any CPU = Debug|Any CPU
		Release|Any CPU = Release|Any CPU
	EndGlobalSection
	GlobalSection(ProjectConfigurationPlatforms) = postSolution
		{C2B5D14E-574A-42AF-9264-79872035EF29}.Debug|Any CPU.ActiveCfg = Debug|Any CPU
		{C2B5D14E-574A-42AF-9264-79872035EF29}.Debug|Any CPU.Build.0 = Debug|Any CPU
		{C2B5D14E-574A-42AF-9264-79872035EF29}.Release|Any CPU.ActiveCfg = Release|Any CPU
		{C2B5D14E-574A-42AF-9264-79872035EF29}.Release|Any CPU.Build.0 = Release|Any CPU
	EndGlobalSection
	GlobalSection(SolutionProperties) = preSolution
		HideSolutionNode = FALSE
	EndGlobalSection
	GlobalSection(ExtensibilityGlobals) = postSolution
		SolutionGuid = {4F1F4CD7-BCA4-4C1A-A784-120B759C6D6B}
	EndGlobalSection
EndGlobal
